
Microsoft Visual Studio Solution File, Format Version 12.00
# Visual Studio 15
VisualStudioVersion = 15.0.28307.489
MinimumVisualStudioVersion = 10.0.40219.1
Project("{FAE04EC0-301F-11D3-BF4B-00C04F79EFBC}") = "SSFleetCommandApi", "SSFleetCommandApi\SSFleetCommandApi.csproj", "{30AB2515-EB2B-470E-891D-05A01FF84A52}"
EndProject
Project("{FAE04EC0-301F-11D3-BF4B-00C04F79EFBC}") = "SSFleetCommandModels", "SSFleetCommandModels\SSFleetCommandModels.csproj", "{0C31FFB7-FE26-4FED-9EED-79AC74959CB2}"
EndProject
Project("{FAE04EC0-301F-11D3-BF4B-00C04F79EFBC}") = "ConsoleTester", "ConsoleTester\ConsoleTester.csproj", "{04A1488E-DD7F-450F-A19C-476018905A32}"
EndProject
Global
	GlobalSection(SolutionConfigurationPlatforms) = preSolution
		Debug|Any CPU = Debug|Any CPU
		Release|Any CPU = Release|Any CPU
	EndGlobalSection
	GlobalSection(ProjectConfigurationPlatforms) = postSolution
		{30AB2515-EB2B-470E-891D-05A01FF84A52}.Debug|Any CPU.ActiveCfg = Debug|Any CPU
		{30AB2515-EB2B-470E-891D-05A01FF84A52}.Debug|Any CPU.Build.0 = Debug|Any CPU
		{30AB2515-EB2B-470E-891D-05A01FF84A52}.Release|Any CPU.ActiveCfg = Release|Any CPU
		{30AB2515-EB2B-470E-891D-05A01FF84A52}.Release|Any CPU.Build.0 = Release|Any CPU
		{0C31FFB7-FE26-4FED-9EED-79AC74959CB2}.Debug|Any CPU.ActiveCfg = Debug|Any CPU
		{0C31FFB7-FE26-4FED-9EED-79AC74959CB2}.Debug|Any CPU.Build.0 = Debug|Any CPU
		{0C31FFB7-FE26-4FED-9EED-79AC74959CB2}.Release|Any CPU.ActiveCfg = Release|Any CPU
		{0C31FFB7-FE26-4FED-9EED-79AC74959CB2}.Release|Any CPU.Build.0 = Release|Any CPU
		{04A1488E-DD7F-450F-A19C-476018905A32}.Debug|Any CPU.ActiveCfg = Debug|Any CPU
		{04A1488E-DD7F-450F-A19C-476018905A32}.Debug|Any CPU.Build.0 = Debug|Any CPU
		{04A1488E-DD7F-450F-A19C-476018905A32}.Release|Any CPU.ActiveCfg = Release|Any CPU
		{04A1488E-DD7F-450F-A19C-476018905A32}.Release|Any CPU.Build.0 = Release|Any CPU
	EndGlobalSection
	GlobalSection(SolutionProperties) = preSolution
		HideSolutionNode = FALSE
	EndGlobalSection
	GlobalSection(ExtensibilityGlobals) = postSolution
		SolutionGuid = {6A39A6D5-C1E1-4982-85BC-461BC52B8649}
	EndGlobalSection
EndGlobal
